
Microsoft Visual Studio Solution File, Format Version 12.00
# Visual Studio Version 16
VisualStudioVersion = 16.0.31424.327
MinimumVisualStudioVersion = 10.0.40219.1
Project("{FAE04EC0-301F-11D3-BF4B-00C04F79EFBC}") = "OAuthServer", "OAuthServer\OAuthServer.csproj", "{2783B255-B0F4-4EA9-8A50-ABB6B2E14DCB}"
EndProject
Global
	GlobalSection(SolutionConfigurationPlatforms) = preSolution
		Debug|Any CPU = Debug|Any CPU
		Release|Any CPU = Release|Any CPU
	EndGlobalSection
	GlobalSection(ProjectConfigurationPlatforms) = postSolution
		{2783B255-B0F4-4EA9-8A50-ABB6B2E14DCB}.Debug|Any CPU.ActiveCfg = Debug|Any CPU
		{2783B255-B0F4-4EA9-8A50-ABB6B2E14DCB}.Debug|Any CPU.Build.0 = Debug|Any CPU
		{2783B255-B0F4-4EA9-8A50-ABB6B2E14DCB}.Release|Any CPU.ActiveCfg = Release|Any CPU
		{2783B255-B0F4-4EA9-8A50-ABB6B2E14DCB}.Release|Any CPU.Build.0 = Release|Any CPU
	EndGlobalSection
	GlobalSection(SolutionProperties) = preSolution
		HideSolutionNode = FALSE
	EndGlobalSection
	GlobalSection(ExtensibilityGlobals) = postSolution
		SolutionGuid = {7956254C-60D9-417B-B61A-8CB7AB6552D0}
	EndGlobalSection
EndGlobal
