
Microsoft Visual Studio Solution File, Format Version 12.00
# Visual Studio Version 17
VisualStudioVersion = 17.6.33723.286
MinimumVisualStudioVersion = 10.0.40219.1
Project("{9A19103F-16F7-4668-BE54-9A1E7A4F7556}") = "Pssg.DocumentStorageAdapter.Client", "document-storage-adapter\src\Pssg.DocumentStorageAdapter.Client\Pssg.DocumentStorageAdapter.Client.csproj", "{EB3D94BE-AC5D-4316-A604-5D45AFBF22D2}"
EndProject
Project("{9A19103F-16F7-4668-BE54-9A1E7A4F7556}") = "Rsbc.Dmf.CaseManagement.Client", "cms-adapter\src\Rsbc.Dmf.CaseManagement.Client\Rsbc.Dmf.CaseManagement.Client.csproj", "{12418AB0-4406-4AEB-9376-0DBCA8970CBB}"
EndProject
Project("{2150E333-8FDC-42A3-9474-1A3956D46DE8}") = "Solution Items", "Solution Items", "{D0A09E19-A9EB-452F-AF34-3B65784FE118}"
EndProject
Project("{9A19103F-16F7-4668-BE54-9A1E7A4F7556}") = "Rsbc.Dmf.CaseManagement", "cms-adapter\src\Rsbc.Dmf.CaseManagement\Rsbc.Dmf.CaseManagement.csproj", "{BBD151FD-56D1-48CE-A40D-F365D3194F91}"
EndProject
Project("{9A19103F-16F7-4668-BE54-9A1E7A4F7556}") = "Rsbc.Dmf.CaseManagement.Service", "cms-adapter\src\Rsbc.Dmf.CaseManagement.Service\Rsbc.Dmf.CaseManagement.Service.csproj", "{E59FE234-123E-4C5C-8FFD-E4DD8B126638}"
EndProject
Project("{9A19103F-16F7-4668-BE54-9A1E7A4F7556}") = "Pssg.DocumentStorageAdapter", "document-storage-adapter\src\Pssg.DocumentStorageAdapter\Pssg.DocumentStorageAdapter.csproj", "{13B74735-60AE-4C95-839A-A45E2DFC6FAF}"
EndProject
Project("{9A19103F-16F7-4668-BE54-9A1E7A4F7556}") = "Pssg.Dmf.IcbcAdapter", "icbc-adapter\src\Pssg.Dmf.IcbcAdapter\Pssg.Dmf.IcbcAdapter.csproj", "{D4563D67-ECA6-456D-A4AF-9BEECFAF93D0}"
EndProject
Project("{9A19103F-16F7-4668-BE54-9A1E7A4F7556}") = "IcbcClient", "icbc-adapter\src\Pssg.Interfaces.Icbc\IcbcClient.csproj", "{BF11F3B3-3E9A-4D52-9B68-A644624CD97A}"
EndProject
Project("{9A19103F-16F7-4668-BE54-9A1E7A4F7556}") = "SharedUtils", "shared-utils\SharedUtils.csproj", "{416A9869-BBA5-4DEC-866E-3206B702CE47}"
EndProject
Project("{9A19103F-16F7-4668-BE54-9A1E7A4F7556}") = "RSBC.DMF.MedicalPortal.API", "medical-portal\src\API\RSBC.DMF.MedicalPortal.API\RSBC.DMF.MedicalPortal.API.csproj", "{D25BE017-1765-4B57-94BE-E236A6C3D95F}"
EndProject
Project("{9A19103F-16F7-4668-BE54-9A1E7A4F7556}") = "icbc-adapter-client", "interfaces\icbc-adapter\icbc-adapter-client.csproj", "{65AD788B-D452-48D4-8764-7D0173D9561D}"
EndProject
Project("{9A19103F-16F7-4668-BE54-9A1E7A4F7556}") = "PidpAdapter.Service", "pidp-adapter\src\PidpAdapter.Service\PidpAdapter.Service.csproj", "{E9467058-DFBE-4CEF-AF4F-0FA2DE7A84E8}"
EndProject
Project("{9A19103F-16F7-4668-BE54-9A1E7A4F7556}") = "S3", "document-storage-adapter\src\Pssg.Interfaces.S3\S3.csproj", "{28397334-64CA-45A7-993A-6C415A6380ED}"
EndProject
Global
	GlobalSection(SolutionConfigurationPlatforms) = preSolution
		Debug|Any CPU = Debug|Any CPU
		Release|Any CPU = Release|Any CPU
	EndGlobalSection
	GlobalSection(ProjectConfigurationPlatforms) = postSolution
		{EB3D94BE-AC5D-4316-A604-5D45AFBF22D2}.Debug|Any CPU.ActiveCfg = Debug|Any CPU
		{EB3D94BE-AC5D-4316-A604-5D45AFBF22D2}.Debug|Any CPU.Build.0 = Debug|Any CPU
		{EB3D94BE-AC5D-4316-A604-5D45AFBF22D2}.Release|Any CPU.ActiveCfg = Release|Any CPU
		{EB3D94BE-AC5D-4316-A604-5D45AFBF22D2}.Release|Any CPU.Build.0 = Release|Any CPU
		{12418AB0-4406-4AEB-9376-0DBCA8970CBB}.Debug|Any CPU.ActiveCfg = Debug|Any CPU
		{12418AB0-4406-4AEB-9376-0DBCA8970CBB}.Debug|Any CPU.Build.0 = Debug|Any CPU
		{12418AB0-4406-4AEB-9376-0DBCA8970CBB}.Release|Any CPU.ActiveCfg = Release|Any CPU
		{12418AB0-4406-4AEB-9376-0DBCA8970CBB}.Release|Any CPU.Build.0 = Release|Any CPU
		{BBD151FD-56D1-48CE-A40D-F365D3194F91}.Debug|Any CPU.ActiveCfg = Debug|Any CPU
		{BBD151FD-56D1-48CE-A40D-F365D3194F91}.Debug|Any CPU.Build.0 = Debug|Any CPU
		{BBD151FD-56D1-48CE-A40D-F365D3194F91}.Release|Any CPU.ActiveCfg = Release|Any CPU
		{BBD151FD-56D1-48CE-A40D-F365D3194F91}.Release|Any CPU.Build.0 = Release|Any CPU
		{E59FE234-123E-4C5C-8FFD-E4DD8B126638}.Debug|Any CPU.ActiveCfg = Debug|Any CPU
		{E59FE234-123E-4C5C-8FFD-E4DD8B126638}.Debug|Any CPU.Build.0 = Debug|Any CPU
		{E59FE234-123E-4C5C-8FFD-E4DD8B126638}.Release|Any CPU.ActiveCfg = Release|Any CPU
		{E59FE234-123E-4C5C-8FFD-E4DD8B126638}.Release|Any CPU.Build.0 = Release|Any CPU
		{13B74735-60AE-4C95-839A-A45E2DFC6FAF}.Debug|Any CPU.ActiveCfg = Debug|Any CPU
		{13B74735-60AE-4C95-839A-A45E2DFC6FAF}.Debug|Any CPU.Build.0 = Debug|Any CPU
		{13B74735-60AE-4C95-839A-A45E2DFC6FAF}.Release|Any CPU.ActiveCfg = Release|Any CPU
		{13B74735-60AE-4C95-839A-A45E2DFC6FAF}.Release|Any CPU.Build.0 = Release|Any CPU
		{D4563D67-ECA6-456D-A4AF-9BEECFAF93D0}.Debug|Any CPU.ActiveCfg = Debug|Any CPU
		{D4563D67-ECA6-456D-A4AF-9BEECFAF93D0}.Debug|Any CPU.Build.0 = Debug|Any CPU
		{D4563D67-ECA6-456D-A4AF-9BEECFAF93D0}.Release|Any CPU.ActiveCfg = Release|Any CPU
		{D4563D67-ECA6-456D-A4AF-9BEECFAF93D0}.Release|Any CPU.Build.0 = Release|Any CPU
		{BF11F3B3-3E9A-4D52-9B68-A644624CD97A}.Debug|Any CPU.ActiveCfg = Debug|Any CPU
		{BF11F3B3-3E9A-4D52-9B68-A644624CD97A}.Debug|Any CPU.Build.0 = Debug|Any CPU
		{BF11F3B3-3E9A-4D52-9B68-A644624CD97A}.Release|Any CPU.ActiveCfg = Release|Any CPU
		{BF11F3B3-3E9A-4D52-9B68-A644624CD97A}.Release|Any CPU.Build.0 = Release|Any CPU
		{416A9869-BBA5-4DEC-866E-3206B702CE47}.Debug|Any CPU.ActiveCfg = Debug|Any CPU
		{416A9869-BBA5-4DEC-866E-3206B702CE47}.Debug|Any CPU.Build.0 = Debug|Any CPU
		{416A9869-BBA5-4DEC-866E-3206B702CE47}.Release|Any CPU.ActiveCfg = Release|Any CPU
		{416A9869-BBA5-4DEC-866E-3206B702CE47}.Release|Any CPU.Build.0 = Release|Any CPU
		{D25BE017-1765-4B57-94BE-E236A6C3D95F}.Debug|Any CPU.ActiveCfg = Debug|Any CPU
		{D25BE017-1765-4B57-94BE-E236A6C3D95F}.Debug|Any CPU.Build.0 = Debug|Any CPU
		{D25BE017-1765-4B57-94BE-E236A6C3D95F}.Release|Any CPU.ActiveCfg = Release|Any CPU
		{D25BE017-1765-4B57-94BE-E236A6C3D95F}.Release|Any CPU.Build.0 = Release|Any CPU
		{65AD788B-D452-48D4-8764-7D0173D9561D}.Debug|Any CPU.ActiveCfg = Debug|Any CPU
		{65AD788B-D452-48D4-8764-7D0173D9561D}.Debug|Any CPU.Build.0 = Debug|Any CPU
		{65AD788B-D452-48D4-8764-7D0173D9561D}.Release|Any CPU.ActiveCfg = Release|Any CPU
		{65AD788B-D452-48D4-8764-7D0173D9561D}.Release|Any CPU.Build.0 = Release|Any CPU
		{E9467058-DFBE-4CEF-AF4F-0FA2DE7A84E8}.Debug|Any CPU.ActiveCfg = Debug|Any CPU
		{E9467058-DFBE-4CEF-AF4F-0FA2DE7A84E8}.Debug|Any CPU.Build.0 = Debug|Any CPU
		{E9467058-DFBE-4CEF-AF4F-0FA2DE7A84E8}.Release|Any CPU.ActiveCfg = Release|Any CPU
		{E9467058-DFBE-4CEF-AF4F-0FA2DE7A84E8}.Release|Any CPU.Build.0 = Release|Any CPU
		{28397334-64CA-45A7-993A-6C415A6380ED}.Debug|Any CPU.ActiveCfg = Debug|Any CPU
		{28397334-64CA-45A7-993A-6C415A6380ED}.Debug|Any CPU.Build.0 = Debug|Any CPU
		{28397334-64CA-45A7-993A-6C415A6380ED}.Release|Any CPU.ActiveCfg = Release|Any CPU
		{28397334-64CA-45A7-993A-6C415A6380ED}.Release|Any CPU.Build.0 = Release|Any CPU
	EndGlobalSection
	GlobalSection(SolutionProperties) = preSolution
		HideSolutionNode = FALSE
	EndGlobalSection
	GlobalSection(ExtensibilityGlobals) = postSolution
		SolutionGuid = {271891BD-B82B-4608-BC8E-FAF1186A4461}
	EndGlobalSection
EndGlobal
