
Microsoft Visual Studio Solution File, Format Version 12.00
# Visual Studio Version 17
VisualStudioVersion = 17.6.33723.286
MinimumVisualStudioVersion = 10.0.40219.1
Project("{9A19103F-16F7-4668-BE54-9A1E7A4F7556}") = "Pssg.DocumentStorageAdapter.Client", "document-storage-adapter\src\Pssg.DocumentStorageAdapter.Client\Pssg.DocumentStorageAdapter.Client.csproj", "{EB3D94BE-AC5D-4316-A604-5D45AFBF22D2}"
EndProject
Project("{9A19103F-16F7-4668-BE54-9A1E7A4F7556}") = "Pssg.DocumentStorageAdapter.Moq", "document-storage-adapter\src\Pssg.DocumentStorageAdapter.Moq\Pssg.DocumentStorageAdapter.Moq.csproj", "{2BC79C2F-52EF-4EAA-B166-A09BDFC13513}"
EndProject
Project("{9A19103F-16F7-4668-BE54-9A1E7A4F7556}") = "Rsbc.Dmf.CaseManagement.Client", "cms-adapter\src\Rsbc.Dmf.CaseManagement.Client\Rsbc.Dmf.CaseManagement.Client.csproj", "{12418AB0-4406-4AEB-9376-0DBCA8970CBB}"
EndProject
Project("{9A19103F-16F7-4668-BE54-9A1E7A4F7556}") = "Rsbc.Dmf.CaseManagement.Moq", "cms-adapter\src\Rsbc.Dmf.CaseManagement.Moq\Rsbc.Dmf.CaseManagement.Moq.csproj", "{77E2FD4A-7762-4A1F-B24E-B052B61350D6}"
EndProject
Project("{2150E333-8FDC-42A3-9474-1A3956D46DE8}") = "Solution Items", "Solution Items", "{D0A09E19-A9EB-452F-AF34-3B65784FE118}"
EndProject
Project("{9A19103F-16F7-4668-BE54-9A1E7A4F7556}") = "Rsbc.Dmf.BcMailAdapter", "bcmail-adapter\src\Rsbc.Dmf.BcMailAdapter\Rsbc.Dmf.BcMailAdapter.csproj", "{31591259-80D6-40C9-A26A-BB69592C0807}"
EndProject
Project("{9A19103F-16F7-4668-BE54-9A1E7A4F7556}") = "CdgsServiceClient", "bcmail-adapter\src\Rsbc.Interfaces.Dmf.BcMailAdapter\CdgsServiceClient.csproj", "{4027FAE8-8B99-44EA-A8E4-E691F160282E}"
EndProject
Project("{9A19103F-16F7-4668-BE54-9A1E7A4F7556}") = "Rsbc.Dmf.CaseManagement", "cms-adapter\src\Rsbc.Dmf.CaseManagement\Rsbc.Dmf.CaseManagement.csproj", "{BBD151FD-56D1-48CE-A40D-F365D3194F91}"
EndProject
Project("{9A19103F-16F7-4668-BE54-9A1E7A4F7556}") = "Rsbc.Dmf.CaseManagement.Service", "cms-adapter\src\Rsbc.Dmf.CaseManagement.Service\Rsbc.Dmf.CaseManagement.Service.csproj", "{E59FE234-123E-4C5C-8FFD-E4DD8B126638}"
EndProject
Project("{9A19103F-16F7-4668-BE54-9A1E7A4F7556}") = "Pssg.DocumentStorageAdapter", "document-storage-adapter\src\Pssg.DocumentStorageAdapter\Pssg.DocumentStorageAdapter.csproj", "{13B74735-60AE-4C95-839A-A45E2DFC6FAF}"
EndProject
Project("{9A19103F-16F7-4668-BE54-9A1E7A4F7556}") = "S3", "document-storage-adapter\src\Pssg.Interfaces.S3\S3.csproj", "{470055C4-3267-468A-94AD-FC6E0D81360D}"
EndProject
Project("{9A19103F-16F7-4668-BE54-9A1E7A4F7556}") = "driver-portal", "driver-portal\src\driver-portal.csproj", "{D82A8EE1-CDDD-4DDA-8336-EB09CCE86AA3}"
EndProject
Global
	GlobalSection(SolutionConfigurationPlatforms) = preSolution
		Debug|Any CPU = Debug|Any CPU
		Release|Any CPU = Release|Any CPU
	EndGlobalSection
	GlobalSection(ProjectConfigurationPlatforms) = postSolution
		{EB3D94BE-AC5D-4316-A604-5D45AFBF22D2}.Debug|Any CPU.ActiveCfg = Debug|Any CPU
		{EB3D94BE-AC5D-4316-A604-5D45AFBF22D2}.Debug|Any CPU.Build.0 = Debug|Any CPU
		{EB3D94BE-AC5D-4316-A604-5D45AFBF22D2}.Release|Any CPU.ActiveCfg = Release|Any CPU
		{EB3D94BE-AC5D-4316-A604-5D45AFBF22D2}.Release|Any CPU.Build.0 = Release|Any CPU
		{2BC79C2F-52EF-4EAA-B166-A09BDFC13513}.Debug|Any CPU.ActiveCfg = Debug|Any CPU
		{2BC79C2F-52EF-4EAA-B166-A09BDFC13513}.Debug|Any CPU.Build.0 = Debug|Any CPU
		{2BC79C2F-52EF-4EAA-B166-A09BDFC13513}.Release|Any CPU.ActiveCfg = Release|Any CPU
		{2BC79C2F-52EF-4EAA-B166-A09BDFC13513}.Release|Any CPU.Build.0 = Release|Any CPU
		{12418AB0-4406-4AEB-9376-0DBCA8970CBB}.Debug|Any CPU.ActiveCfg = Debug|Any CPU
		{12418AB0-4406-4AEB-9376-0DBCA8970CBB}.Debug|Any CPU.Build.0 = Debug|Any CPU
		{12418AB0-4406-4AEB-9376-0DBCA8970CBB}.Release|Any CPU.ActiveCfg = Release|Any CPU
		{12418AB0-4406-4AEB-9376-0DBCA8970CBB}.Release|Any CPU.Build.0 = Release|Any CPU
		{77E2FD4A-7762-4A1F-B24E-B052B61350D6}.Debug|Any CPU.ActiveCfg = Debug|Any CPU
		{77E2FD4A-7762-4A1F-B24E-B052B61350D6}.Debug|Any CPU.Build.0 = Debug|Any CPU
		{77E2FD4A-7762-4A1F-B24E-B052B61350D6}.Release|Any CPU.ActiveCfg = Release|Any CPU
		{77E2FD4A-7762-4A1F-B24E-B052B61350D6}.Release|Any CPU.Build.0 = Release|Any CPU
		{31591259-80D6-40C9-A26A-BB69592C0807}.Debug|Any CPU.ActiveCfg = Debug|Any CPU
		{31591259-80D6-40C9-A26A-BB69592C0807}.Debug|Any CPU.Build.0 = Debug|Any CPU
		{31591259-80D6-40C9-A26A-BB69592C0807}.Release|Any CPU.ActiveCfg = Release|Any CPU
		{31591259-80D6-40C9-A26A-BB69592C0807}.Release|Any CPU.Build.0 = Release|Any CPU
		{4027FAE8-8B99-44EA-A8E4-E691F160282E}.Debug|Any CPU.ActiveCfg = Debug|Any CPU
		{4027FAE8-8B99-44EA-A8E4-E691F160282E}.Debug|Any CPU.Build.0 = Debug|Any CPU
		{4027FAE8-8B99-44EA-A8E4-E691F160282E}.Release|Any CPU.ActiveCfg = Release|Any CPU
		{4027FAE8-8B99-44EA-A8E4-E691F160282E}.Release|Any CPU.Build.0 = Release|Any CPU
		{BBD151FD-56D1-48CE-A40D-F365D3194F91}.Debug|Any CPU.ActiveCfg = Debug|Any CPU
		{BBD151FD-56D1-48CE-A40D-F365D3194F91}.Debug|Any CPU.Build.0 = Debug|Any CPU
		{BBD151FD-56D1-48CE-A40D-F365D3194F91}.Release|Any CPU.ActiveCfg = Release|Any CPU
		{BBD151FD-56D1-48CE-A40D-F365D3194F91}.Release|Any CPU.Build.0 = Release|Any CPU
		{E59FE234-123E-4C5C-8FFD-E4DD8B126638}.Debug|Any CPU.ActiveCfg = Debug|Any CPU
		{E59FE234-123E-4C5C-8FFD-E4DD8B126638}.Debug|Any CPU.Build.0 = Debug|Any CPU
		{E59FE234-123E-4C5C-8FFD-E4DD8B126638}.Release|Any CPU.ActiveCfg = Release|Any CPU
		{E59FE234-123E-4C5C-8FFD-E4DD8B126638}.Release|Any CPU.Build.0 = Release|Any CPU
		{13B74735-60AE-4C95-839A-A45E2DFC6FAF}.Debug|Any CPU.ActiveCfg = Debug|Any CPU
		{13B74735-60AE-4C95-839A-A45E2DFC6FAF}.Debug|Any CPU.Build.0 = Debug|Any CPU
		{13B74735-60AE-4C95-839A-A45E2DFC6FAF}.Release|Any CPU.ActiveCfg = Release|Any CPU
		{13B74735-60AE-4C95-839A-A45E2DFC6FAF}.Release|Any CPU.Build.0 = Release|Any CPU
		{470055C4-3267-468A-94AD-FC6E0D81360D}.Debug|Any CPU.ActiveCfg = Debug|Any CPU
		{470055C4-3267-468A-94AD-FC6E0D81360D}.Debug|Any CPU.Build.0 = Debug|Any CPU
		{470055C4-3267-468A-94AD-FC6E0D81360D}.Release|Any CPU.ActiveCfg = Release|Any CPU
		{470055C4-3267-468A-94AD-FC6E0D81360D}.Release|Any CPU.Build.0 = Release|Any CPU
		{D82A8EE1-CDDD-4DDA-8336-EB09CCE86AA3}.Debug|Any CPU.ActiveCfg = Debug|Any CPU
		{D82A8EE1-CDDD-4DDA-8336-EB09CCE86AA3}.Debug|Any CPU.Build.0 = Debug|Any CPU
		{D82A8EE1-CDDD-4DDA-8336-EB09CCE86AA3}.Release|Any CPU.ActiveCfg = Release|Any CPU
		{D82A8EE1-CDDD-4DDA-8336-EB09CCE86AA3}.Release|Any CPU.Build.0 = Release|Any CPU
	EndGlobalSection
	GlobalSection(SolutionProperties) = preSolution
		HideSolutionNode = FALSE
	EndGlobalSection
	GlobalSection(ExtensibilityGlobals) = postSolution
		SolutionGuid = {271891BD-B82B-4608-BC8E-FAF1186A4461}
	EndGlobalSection
EndGlobal
