
Microsoft Visual Studio Solution File, Format Version 12.00
# Visual Studio Version 16
VisualStudioVersion = 16.0.30114.105
MinimumVisualStudioVersion = 10.0.40219.1
Project("{9A19103F-16F7-4668-BE54-9A1E7A4F7556}") = "Rsbc.Dmf.CaseManagement.Service", "Rsbc.Dmf.CaseManagement.Service\Rsbc.Dmf.CaseManagement.Service.csproj", "{8C75FAC3-EB76-4AAB-B031-8A97D679B910}"
EndProject
Project("{9A19103F-16F7-4668-BE54-9A1E7A4F7556}") = "Rsbc.Dmf.CaseManagement", "Rsbc.Dmf.CaseManagement\Rsbc.Dmf.CaseManagement.csproj", "{F61896D6-4174-400F-B178-B2FDDB4762CC}"
EndProject
Project("{9A19103F-16F7-4668-BE54-9A1E7A4F7556}") = "Rsbc.Dmf.CaseManagement.Tests", "Rsbc.Dmf.CaseManagement.Tests\Rsbc.Dmf.CaseManagement.Tests.csproj", "{DA6CE792-BFC9-42E2-B512-91A992853B6C}"
EndProject
Global
	GlobalSection(SolutionConfigurationPlatforms) = preSolution
		Debug|Any CPU = Debug|Any CPU
		Debug|x64 = Debug|x64
		Debug|x86 = Debug|x86
		Release|Any CPU = Release|Any CPU
		Release|x64 = Release|x64
		Release|x86 = Release|x86
	EndGlobalSection
	GlobalSection(ProjectConfigurationPlatforms) = postSolution
		{8C75FAC3-EB76-4AAB-B031-8A97D679B910}.Debug|Any CPU.ActiveCfg = Debug|Any CPU
		{8C75FAC3-EB76-4AAB-B031-8A97D679B910}.Debug|Any CPU.Build.0 = Debug|Any CPU
		{8C75FAC3-EB76-4AAB-B031-8A97D679B910}.Debug|x64.ActiveCfg = Debug|Any CPU
		{8C75FAC3-EB76-4AAB-B031-8A97D679B910}.Debug|x64.Build.0 = Debug|Any CPU
		{8C75FAC3-EB76-4AAB-B031-8A97D679B910}.Debug|x86.ActiveCfg = Debug|Any CPU
		{8C75FAC3-EB76-4AAB-B031-8A97D679B910}.Debug|x86.Build.0 = Debug|Any CPU
		{8C75FAC3-EB76-4AAB-B031-8A97D679B910}.Release|Any CPU.ActiveCfg = Release|Any CPU
		{8C75FAC3-EB76-4AAB-B031-8A97D679B910}.Release|Any CPU.Build.0 = Release|Any CPU
		{8C75FAC3-EB76-4AAB-B031-8A97D679B910}.Release|x64.ActiveCfg = Release|Any CPU
		{8C75FAC3-EB76-4AAB-B031-8A97D679B910}.Release|x64.Build.0 = Release|Any CPU
		{8C75FAC3-EB76-4AAB-B031-8A97D679B910}.Release|x86.ActiveCfg = Release|Any CPU
		{8C75FAC3-EB76-4AAB-B031-8A97D679B910}.Release|x86.Build.0 = Release|Any CPU
		{F61896D6-4174-400F-B178-B2FDDB4762CC}.Debug|Any CPU.ActiveCfg = Debug|Any CPU
		{F61896D6-4174-400F-B178-B2FDDB4762CC}.Debug|Any CPU.Build.0 = Debug|Any CPU
		{F61896D6-4174-400F-B178-B2FDDB4762CC}.Debug|x64.ActiveCfg = Debug|Any CPU
		{F61896D6-4174-400F-B178-B2FDDB4762CC}.Debug|x64.Build.0 = Debug|Any CPU
		{F61896D6-4174-400F-B178-B2FDDB4762CC}.Debug|x86.ActiveCfg = Debug|Any CPU
		{F61896D6-4174-400F-B178-B2FDDB4762CC}.Debug|x86.Build.0 = Debug|Any CPU
		{F61896D6-4174-400F-B178-B2FDDB4762CC}.Release|Any CPU.ActiveCfg = Release|Any CPU
		{F61896D6-4174-400F-B178-B2FDDB4762CC}.Release|Any CPU.Build.0 = Release|Any CPU
		{F61896D6-4174-400F-B178-B2FDDB4762CC}.Release|x64.ActiveCfg = Release|Any CPU
		{F61896D6-4174-400F-B178-B2FDDB4762CC}.Release|x64.Build.0 = Release|Any CPU
		{F61896D6-4174-400F-B178-B2FDDB4762CC}.Release|x86.ActiveCfg = Release|Any CPU
		{F61896D6-4174-400F-B178-B2FDDB4762CC}.Release|x86.Build.0 = Release|Any CPU
		{DA6CE792-BFC9-42E2-B512-91A992853B6C}.Debug|Any CPU.ActiveCfg = Debug|Any CPU
		{DA6CE792-BFC9-42E2-B512-91A992853B6C}.Debug|Any CPU.Build.0 = Debug|Any CPU
		{DA6CE792-BFC9-42E2-B512-91A992853B6C}.Debug|x64.ActiveCfg = Debug|Any CPU
		{DA6CE792-BFC9-42E2-B512-91A992853B6C}.Debug|x64.Build.0 = Debug|Any CPU
		{DA6CE792-BFC9-42E2-B512-91A992853B6C}.Debug|x86.ActiveCfg = Debug|Any CPU
		{DA6CE792-BFC9-42E2-B512-91A992853B6C}.Debug|x86.Build.0 = Debug|Any CPU
		{DA6CE792-BFC9-42E2-B512-91A992853B6C}.Release|Any CPU.ActiveCfg = Release|Any CPU
		{DA6CE792-BFC9-42E2-B512-91A992853B6C}.Release|Any CPU.Build.0 = Release|Any CPU
		{DA6CE792-BFC9-42E2-B512-91A992853B6C}.Release|x64.ActiveCfg = Release|Any CPU
		{DA6CE792-BFC9-42E2-B512-91A992853B6C}.Release|x64.Build.0 = Release|Any CPU
		{DA6CE792-BFC9-42E2-B512-91A992853B6C}.Release|x86.ActiveCfg = Release|Any CPU
		{DA6CE792-BFC9-42E2-B512-91A992853B6C}.Release|x86.Build.0 = Release|Any CPU
	EndGlobalSection
	GlobalSection(SolutionProperties) = preSolution
		HideSolutionNode = FALSE
	EndGlobalSection
	GlobalSection(ExtensibilityGlobals) = postSolution
		SolutionGuid = {B1C79D17-0C21-4BF2-B0D2-029283637613}
	EndGlobalSection
EndGlobal
