
Microsoft Visual Studio Solution File, Format Version 12.00
# Visual Studio Version 17
VisualStudioVersion = 17.9.34728.123
MinimumVisualStudioVersion = 10.0.40219.1
Project("{FAE04EC0-301F-11D3-BF4B-00C04F79EFBC}") = "PidpAdapter.API", "PidpAdapter.API.csproj", "{413D6C07-07BC-4874-9C8F-FABA88C757A2}"
EndProject
Global
	GlobalSection(SolutionConfigurationPlatforms) = preSolution
		Debug|Any CPU = Debug|Any CPU
		Release|Any CPU = Release|Any CPU
	EndGlobalSection
	GlobalSection(ProjectConfigurationPlatforms) = postSolution
		{413D6C07-07BC-4874-9C8F-FABA88C757A2}.Debug|Any CPU.ActiveCfg = Debug|Any CPU
		{413D6C07-07BC-4874-9C8F-FABA88C757A2}.Debug|Any CPU.Build.0 = Debug|Any CPU
		{413D6C07-07BC-4874-9C8F-FABA88C757A2}.Release|Any CPU.ActiveCfg = Release|Any CPU
		{413D6C07-07BC-4874-9C8F-FABA88C757A2}.Release|Any CPU.Build.0 = Release|Any CPU
	EndGlobalSection
	GlobalSection(SolutionProperties) = preSolution
		HideSolutionNode = FALSE
	EndGlobalSection
	GlobalSection(ExtensibilityGlobals) = postSolution
		SolutionGuid = {EE8ECEE5-442A-4533-B1B4-70549143B664}
	EndGlobalSection
EndGlobal
