{
  "name": "@shared/core-ui",
  "version": "0.0.1",
  "lockfileVersion": 3,
  "requires": true,
  "packages": {
    "": {
      "name": "@shared/core-ui",
      "version": "0.0.1",
      "dependencies": {
        "tslib": "^2.3.0"
      },
      "peerDependencies": {
        "@angular/common": "~18.2.6",
        "@angular/core": "~18.2.6",
        "keycloak-angular": "^16.0.1",
        "keycloak-js": "^24.0.4"
      }
    },
    "node_modules/@angular/common": {
      "version": "18.2.7",
      "resolved": "https://registry.npmjs.org/@angular/common/-/common-18.2.7.tgz",
      "integrity": "sha512-5vDBmBR2JcIxHVEDunKXNU+T+OvTGiHZTSo35GFOHJxKFgX5g6+0tJBZunK04oBZGbJQUmp3pg2kMvuKKjZnkQ==",
      "peer": true,
      "dependencies": {
        "tslib": "^2.3.0"
      },
      "engines": {
        "node": "^18.19.1 || ^20.11.1 || >=22.0.0"
      },
      "peerDependencies": {
        "@angular/core": "18.2.7",
        "rxjs": "^6.5.3 || ^7.4.0"
      }
    },
    "node_modules/@angular/core": {
      "version": "18.2.7",
      "resolved": "https://registry.npmjs.org/@angular/core/-/core-18.2.7.tgz",
      "integrity": "sha512-hLOxgxLiyWm9iVHBsUsJfx1hDsXWZnfJBlr+N7cev53f0CDoPfbshqq6KV+JFqXFDguzR9dKHm1ewT1jK3e6Tw==",
      "peer": true,
      "dependencies": {
        "tslib": "^2.3.0"
      },
      "engines": {
        "node": "^18.19.1 || ^20.11.1 || >=22.0.0"
      },
      "peerDependencies": {
        "rxjs": "^6.5.3 || ^7.4.0",
        "zone.js": "~0.14.10"
      }
    },
    "node_modules/@angular/platform-browser": {
      "version": "18.2.7",
      "resolved": "https://registry.npmjs.org/@angular/platform-browser/-/platform-browser-18.2.7.tgz",
      "integrity": "sha512-xgj2DH/isFrMZ73dJJm89NRnWBI3AHtugQrZbIapkKBdEt/C1o4SR2W2cV4mPb9o+ELnWurfrxFt9o/q2vnVLw==",
      "peer": true,
      "dependencies": {
        "tslib": "^2.3.0"
      },
      "engines": {
        "node": "^18.19.1 || ^20.11.1 || >=22.0.0"
      },
      "peerDependencies": {
        "@angular/animations": "18.2.7",
        "@angular/common": "18.2.7",
        "@angular/core": "18.2.7"
      },
      "peerDependenciesMeta": {
        "@angular/animations": {
          "optional": true
        }
      }
    },
    "node_modules/@angular/router": {
      "version": "18.2.7",
      "resolved": "https://registry.npmjs.org/@angular/router/-/router-18.2.7.tgz",
      "integrity": "sha512-TXE8Aw63hDp3PEaNu4B1DMNvlS0uCzs36o/OSCCmewmLnzyJygkgi4jeEj20FsWPAQOUj5g5tnCYgxz1IRrCUg==",
      "peer": true,
      "dependencies": {
        "tslib": "^2.3.0"
      },
      "engines": {
        "node": "^18.19.1 || ^20.11.1 || >=22.0.0"
      },
      "peerDependencies": {
        "@angular/common": "18.2.7",
        "@angular/core": "18.2.7",
        "@angular/platform-browser": "18.2.7",
        "rxjs": "^6.5.3 || ^7.4.0"
      }
    },
    "node_modules/js-sha256": {
      "version": "0.11.0",
      "resolved": "https://registry.npmjs.org/js-sha256/-/js-sha256-0.11.0.tgz",
      "integrity": "sha512-6xNlKayMZvds9h1Y1VWc0fQHQ82BxTXizWPEtEeGvmOUYpBRy4gbWroHLpzowe6xiQhHpelCQiE7HEdznyBL9Q==",
      "peer": true
    },
    "node_modules/jwt-decode": {
      "version": "4.0.0",
      "resolved": "https://registry.npmjs.org/jwt-decode/-/jwt-decode-4.0.0.tgz",
      "integrity": "sha512-+KJGIyHgkGuIq3IEBNftfhW/LfWhXUIY6OmyVWjliu5KH1y0fw7VQ8YndE2O4qZdMSd9SqbnC8GOcZEy0Om7sA==",
      "peer": true,
      "engines": {
        "node": ">=18"
      }
    },
    "node_modules/keycloak-angular": {
      "version": "16.0.1",
      "resolved": "https://registry.npmjs.org/keycloak-angular/-/keycloak-angular-16.0.1.tgz",
      "integrity": "sha512-ytkL32R/tfHEyZ3txQtgH1y0WofW/D36zTbo2agDCYUtZETq0wAQ3E/4bVDUAr6ZKwotgAnIyOORfErnvDkXng==",
      "license": "MIT",
      "peer": true,
      "dependencies": {
        "tslib": "^2.3.1"
      },
      "peerDependencies": {
        "@angular/common": "^18",
        "@angular/core": "^18",
        "@angular/router": "^18",
        "keycloak-js": "^18 || ^19 || ^20 || ^21 || ^22 || ^23 || ^24 || ^25"
      }
    },
    "node_modules/keycloak-js": {
      "version": "24.0.5",
      "resolved": "https://registry.npmjs.org/keycloak-js/-/keycloak-js-24.0.5.tgz",
      "integrity": "sha512-VQOSn3j13DPB6OuavKAq+sRjDERhIKrXgBzekoHRstifPuyULILguugX6yxRUYFSpn3OMYUXmSX++tkdCupOjA==",
      "license": "Apache-2.0",
      "peer": true,
      "dependencies": {
        "js-sha256": "^0.11.0",
        "jwt-decode": "^4.0.0"
      }
    },
    "node_modules/rxjs": {
      "version": "7.8.1",
      "resolved": "https://registry.npmjs.org/rxjs/-/rxjs-7.8.1.tgz",
      "integrity": "sha512-AA3TVj+0A2iuIoQkWEK/tqFjBq2j+6PO6Y0zJcvzLAFhEFIO3HL0vls9hWLncZbAAbK0mar7oZ4V079I/qPMxg==",
      "peer": true,
      "dependencies": {
        "tslib": "^2.1.0"
      }
    },
    "node_modules/tslib": {
      "version": "2.6.3",
      "resolved": "https://registry.npmjs.org/tslib/-/tslib-2.6.3.tgz",
      "integrity": "sha512-xNvxJEOUiWPGhUuUdQgAJPKOOJfGnIyKySOc09XkKsgdUV/3E2zvwZYdejjmRgPCgcym1juLH3226yA7sEFJKQ=="
    },
    "node_modules/zone.js": {
      "version": "0.14.10",
      "resolved": "https://registry.npmjs.org/zone.js/-/zone.js-0.14.10.tgz",
      "integrity": "sha512-YGAhaO7J5ywOXW6InXNlLmfU194F8lVgu7bRntUF3TiG8Y3nBK0x1UJJuHUP/e8IyihkjCYqhCScpSwnlaSRkQ==",
      "peer": true
    }
  }
}
