
Microsoft Visual Studio Solution File, Format Version 12.00
# Visual Studio Version 17
VisualStudioVersion = 17.0.31919.166
MinimumVisualStudioVersion = 10.0.40219.1
Project("{9A19103F-16F7-4668-BE54-9A1E7A4F7556}") = "Rsbc.Dmf.CaseManagement.Tests", "..\cms-adapter\src\Rsbc.Dmf.CaseManagement.Tests\Rsbc.Dmf.CaseManagement.Tests.csproj", "{BDA7D865-788F-495B-B13E-E63C4A95BD2E}"
EndProject
Project("{9A19103F-16F7-4668-BE54-9A1E7A4F7556}") = "RSBC.Tests.Unit.DMF.DoctorsPortal.API", "..\doctors-portal\src\API\RSBC.Tests.Unit.DMF.DoctorsPortal.API\RSBC.Tests.Unit.DMF.DoctorsPortal.API.csproj", "{7D2164DC-76FA-4F7C-A1D2-AE58622EE1BA}"
EndProject
Project("{9A19103F-16F7-4668-BE54-9A1E7A4F7556}") = "Pssg.Unit.Tests.Interfaces.S3", "..\document-storage-adapter\src\Pssg.Unit.Tests.Interfaces.S3\Pssg.Unit.Tests.Interfaces.S3.csproj", "{5F760142-852E-4529-9222-7D326D9B8595}"
EndProject
Global
	GlobalSection(SolutionConfigurationPlatforms) = preSolution
		Debug|Any CPU = Debug|Any CPU
		Release|Any CPU = Release|Any CPU
	EndGlobalSection
	GlobalSection(ProjectConfigurationPlatforms) = postSolution
		{BDA7D865-788F-495B-B13E-E63C4A95BD2E}.Debug|Any CPU.ActiveCfg = Debug|Any CPU
		{BDA7D865-788F-495B-B13E-E63C4A95BD2E}.Debug|Any CPU.Build.0 = Debug|Any CPU
		{BDA7D865-788F-495B-B13E-E63C4A95BD2E}.Release|Any CPU.ActiveCfg = Release|Any CPU
		{BDA7D865-788F-495B-B13E-E63C4A95BD2E}.Release|Any CPU.Build.0 = Release|Any CPU
		{7D2164DC-76FA-4F7C-A1D2-AE58622EE1BA}.Debug|Any CPU.ActiveCfg = Debug|Any CPU
		{7D2164DC-76FA-4F7C-A1D2-AE58622EE1BA}.Debug|Any CPU.Build.0 = Debug|Any CPU
		{7D2164DC-76FA-4F7C-A1D2-AE58622EE1BA}.Release|Any CPU.ActiveCfg = Release|Any CPU
		{7D2164DC-76FA-4F7C-A1D2-AE58622EE1BA}.Release|Any CPU.Build.0 = Release|Any CPU
		{5F760142-852E-4529-9222-7D326D9B8595}.Debug|Any CPU.ActiveCfg = Debug|Any CPU
		{5F760142-852E-4529-9222-7D326D9B8595}.Debug|Any CPU.Build.0 = Debug|Any CPU
		{5F760142-852E-4529-9222-7D326D9B8595}.Release|Any CPU.ActiveCfg = Release|Any CPU
		{5F760142-852E-4529-9222-7D326D9B8595}.Release|Any CPU.Build.0 = Release|Any CPU
	EndGlobalSection
	GlobalSection(SolutionProperties) = preSolution
		HideSolutionNode = FALSE
	EndGlobalSection
	GlobalSection(ExtensibilityGlobals) = postSolution
		SolutionGuid = {5686DEAC-970C-49BE-8107-62C4FB95F81A}
	EndGlobalSection
EndGlobal
