
Microsoft Visual Studio Solution File, Format Version 12.00
# Visual Studio Version 17
VisualStudioVersion = 17.0.31919.166
MinimumVisualStudioVersion = 10.0.40219.1
Project("{9A19103F-16F7-4668-BE54-9A1E7A4F7556}") = "RSBC.DMF.MedicalPortal.API", "RSBC.DMF.MedicalPortal.API\RSBC.DMF.MedicalPortal.API.csproj", "{C71F554B-EB5B-43DF-AAD5-DC7B121E2293}"
EndProject
Project("{9A19103F-16F7-4668-BE54-9A1E7A4F7556}") = "RSBC.Tests.Unit.DMF.MedicalPortal.API", "RSBC.Tests.Unit.DMF.MedicalPortal.API\RSBC.Tests.Unit.DMF.MedicalPortal.API.csproj", "{696AD72D-D097-432F-900B-2DB5330868E7}"
EndProject
Project("{9A19103F-16F7-4668-BE54-9A1E7A4F7556}") = "Rsbc.Dmf.CaseManagement.Client", "..\..\..\cms-adapter\src\Rsbc.Dmf.CaseManagement.Client\Rsbc.Dmf.CaseManagement.Client.csproj", "{C3414AA1-227B-4EEB-AC70-5CDF312827CB}"
EndProject
Project("{9A19103F-16F7-4668-BE54-9A1E7A4F7556}") = "Rsbc.Dmf.CaseManagement.Moq", "..\..\..\cms-adapter\src\Rsbc.Dmf.CaseManagement.Moq\Rsbc.Dmf.CaseManagement.Moq.csproj", "{65C04303-7034-4690-A845-EA75061CEA37}"
EndProject
Project("{9A19103F-16F7-4668-BE54-9A1E7A4F7556}") = "SharedUtils", "..\..\..\shared-utils\SharedUtils.csproj", "{43751FBF-04D0-437B-81CF-1E8E75CDC9BF}"
EndProject
Project("{9A19103F-16F7-4668-BE54-9A1E7A4F7556}") = "Pssg.DocumentStorageAdapter.Client", "..\..\..\document-storage-adapter\src\Pssg.DocumentStorageAdapter.Client\Pssg.DocumentStorageAdapter.Client.csproj", "{C41EB1B9-FD3E-4386-832C-3BB6DCB99EDD}"
EndProject
Project("{9A19103F-16F7-4668-BE54-9A1E7A4F7556}") = "Pssg.DocumentStorageAdapter.Moq", "..\..\..\document-storage-adapter\src\Pssg.DocumentStorageAdapter.Moq\Pssg.DocumentStorageAdapter.Moq.csproj", "{7B3BBBD5-C549-4E25-8A29-4E2D63878315}"
EndProject
Project("{9A19103F-16F7-4668-BE54-9A1E7A4F7556}") = "PidpAdapter.Client", "..\..\..\pidp-adapter\src\PidpAdapter.Client\PidpAdapter.Client.csproj", "{6C4720BB-3FBA-40F2-B34C-8EF5E3A84B3A}"
EndProject
Project("{2150E333-8FDC-42A3-9474-1A3956D46DE8}") = "Solution", "Solution", "{83EB0A9A-ED63-42EE-BC45-526F94FD9BF9}"
	ProjectSection(SolutionItems) = preProject
		.editorconfig = .editorconfig
		DMFT.postman_collection.json = DMFT.postman_collection.json
		Dockerfile = Dockerfile
		..\..\ReadMe.md = ..\..\ReadMe.md
		start.ps1 = start.ps1
	EndProjectSection
EndProject
Project("{9A19103F-16F7-4668-BE54-9A1E7A4F7556}") = "Pssg.Dmf.IcbcAdapter.Client", "..\..\..\icbc-adapter\src\Pssg.Dmf.IcbcAdapter.Client\Pssg.Dmf.IcbcAdapter.Client.csproj", "{B02AFCD8-D663-4AB5-B349-8819F51D5E67}"
EndProject
Global
	GlobalSection(SolutionConfigurationPlatforms) = preSolution
		Debug|Any CPU = Debug|Any CPU
		Debug|x64 = Debug|x64
		Debug|x86 = Debug|x86
		Release|Any CPU = Release|Any CPU
		Release|x64 = Release|x64
		Release|x86 = Release|x86
	EndGlobalSection
	GlobalSection(ProjectConfigurationPlatforms) = postSolution
		{C71F554B-EB5B-43DF-AAD5-DC7B121E2293}.Debug|Any CPU.ActiveCfg = Debug|Any CPU
		{C71F554B-EB5B-43DF-AAD5-DC7B121E2293}.Debug|Any CPU.Build.0 = Debug|Any CPU
		{C71F554B-EB5B-43DF-AAD5-DC7B121E2293}.Debug|x64.ActiveCfg = Debug|Any CPU
		{C71F554B-EB5B-43DF-AAD5-DC7B121E2293}.Debug|x64.Build.0 = Debug|Any CPU
		{C71F554B-EB5B-43DF-AAD5-DC7B121E2293}.Debug|x86.ActiveCfg = Debug|Any CPU
		{C71F554B-EB5B-43DF-AAD5-DC7B121E2293}.Debug|x86.Build.0 = Debug|Any CPU
		{C71F554B-EB5B-43DF-AAD5-DC7B121E2293}.Release|Any CPU.ActiveCfg = Release|Any CPU
		{C71F554B-EB5B-43DF-AAD5-DC7B121E2293}.Release|Any CPU.Build.0 = Release|Any CPU
		{C71F554B-EB5B-43DF-AAD5-DC7B121E2293}.Release|x64.ActiveCfg = Release|Any CPU
		{C71F554B-EB5B-43DF-AAD5-DC7B121E2293}.Release|x64.Build.0 = Release|Any CPU
		{C71F554B-EB5B-43DF-AAD5-DC7B121E2293}.Release|x86.ActiveCfg = Release|Any CPU
		{C71F554B-EB5B-43DF-AAD5-DC7B121E2293}.Release|x86.Build.0 = Release|Any CPU
		{696AD72D-D097-432F-900B-2DB5330868E7}.Debug|Any CPU.ActiveCfg = Debug|Any CPU
		{696AD72D-D097-432F-900B-2DB5330868E7}.Debug|Any CPU.Build.0 = Debug|Any CPU
		{696AD72D-D097-432F-900B-2DB5330868E7}.Debug|x64.ActiveCfg = Debug|Any CPU
		{696AD72D-D097-432F-900B-2DB5330868E7}.Debug|x64.Build.0 = Debug|Any CPU
		{696AD72D-D097-432F-900B-2DB5330868E7}.Debug|x86.ActiveCfg = Debug|Any CPU
		{696AD72D-D097-432F-900B-2DB5330868E7}.Debug|x86.Build.0 = Debug|Any CPU
		{696AD72D-D097-432F-900B-2DB5330868E7}.Release|Any CPU.ActiveCfg = Release|Any CPU
		{696AD72D-D097-432F-900B-2DB5330868E7}.Release|Any CPU.Build.0 = Release|Any CPU
		{696AD72D-D097-432F-900B-2DB5330868E7}.Release|x64.ActiveCfg = Release|Any CPU
		{696AD72D-D097-432F-900B-2DB5330868E7}.Release|x64.Build.0 = Release|Any CPU
		{696AD72D-D097-432F-900B-2DB5330868E7}.Release|x86.ActiveCfg = Release|Any CPU
		{696AD72D-D097-432F-900B-2DB5330868E7}.Release|x86.Build.0 = Release|Any CPU
		{C3414AA1-227B-4EEB-AC70-5CDF312827CB}.Debug|Any CPU.ActiveCfg = Debug|Any CPU
		{C3414AA1-227B-4EEB-AC70-5CDF312827CB}.Debug|Any CPU.Build.0 = Debug|Any CPU
		{C3414AA1-227B-4EEB-AC70-5CDF312827CB}.Debug|x64.ActiveCfg = Debug|Any CPU
		{C3414AA1-227B-4EEB-AC70-5CDF312827CB}.Debug|x64.Build.0 = Debug|Any CPU
		{C3414AA1-227B-4EEB-AC70-5CDF312827CB}.Debug|x86.ActiveCfg = Debug|Any CPU
		{C3414AA1-227B-4EEB-AC70-5CDF312827CB}.Debug|x86.Build.0 = Debug|Any CPU
		{C3414AA1-227B-4EEB-AC70-5CDF312827CB}.Release|Any CPU.ActiveCfg = Release|Any CPU
		{C3414AA1-227B-4EEB-AC70-5CDF312827CB}.Release|Any CPU.Build.0 = Release|Any CPU
		{C3414AA1-227B-4EEB-AC70-5CDF312827CB}.Release|x64.ActiveCfg = Release|Any CPU
		{C3414AA1-227B-4EEB-AC70-5CDF312827CB}.Release|x64.Build.0 = Release|Any CPU
		{C3414AA1-227B-4EEB-AC70-5CDF312827CB}.Release|x86.ActiveCfg = Release|Any CPU
		{C3414AA1-227B-4EEB-AC70-5CDF312827CB}.Release|x86.Build.0 = Release|Any CPU
		{65C04303-7034-4690-A845-EA75061CEA37}.Debug|Any CPU.ActiveCfg = Debug|Any CPU
		{65C04303-7034-4690-A845-EA75061CEA37}.Debug|Any CPU.Build.0 = Debug|Any CPU
		{65C04303-7034-4690-A845-EA75061CEA37}.Debug|x64.ActiveCfg = Debug|Any CPU
		{65C04303-7034-4690-A845-EA75061CEA37}.Debug|x64.Build.0 = Debug|Any CPU
		{65C04303-7034-4690-A845-EA75061CEA37}.Debug|x86.ActiveCfg = Debug|Any CPU
		{65C04303-7034-4690-A845-EA75061CEA37}.Debug|x86.Build.0 = Debug|Any CPU
		{65C04303-7034-4690-A845-EA75061CEA37}.Release|Any CPU.ActiveCfg = Release|Any CPU
		{65C04303-7034-4690-A845-EA75061CEA37}.Release|Any CPU.Build.0 = Release|Any CPU
		{65C04303-7034-4690-A845-EA75061CEA37}.Release|x64.ActiveCfg = Release|Any CPU
		{65C04303-7034-4690-A845-EA75061CEA37}.Release|x64.Build.0 = Release|Any CPU
		{65C04303-7034-4690-A845-EA75061CEA37}.Release|x86.ActiveCfg = Release|Any CPU
		{65C04303-7034-4690-A845-EA75061CEA37}.Release|x86.Build.0 = Release|Any CPU
		{43751FBF-04D0-437B-81CF-1E8E75CDC9BF}.Debug|Any CPU.ActiveCfg = Debug|Any CPU
		{43751FBF-04D0-437B-81CF-1E8E75CDC9BF}.Debug|Any CPU.Build.0 = Debug|Any CPU
		{43751FBF-04D0-437B-81CF-1E8E75CDC9BF}.Debug|x64.ActiveCfg = Debug|Any CPU
		{43751FBF-04D0-437B-81CF-1E8E75CDC9BF}.Debug|x64.Build.0 = Debug|Any CPU
		{43751FBF-04D0-437B-81CF-1E8E75CDC9BF}.Debug|x86.ActiveCfg = Debug|Any CPU
		{43751FBF-04D0-437B-81CF-1E8E75CDC9BF}.Debug|x86.Build.0 = Debug|Any CPU
		{43751FBF-04D0-437B-81CF-1E8E75CDC9BF}.Release|Any CPU.ActiveCfg = Release|Any CPU
		{43751FBF-04D0-437B-81CF-1E8E75CDC9BF}.Release|Any CPU.Build.0 = Release|Any CPU
		{43751FBF-04D0-437B-81CF-1E8E75CDC9BF}.Release|x64.ActiveCfg = Release|Any CPU
		{43751FBF-04D0-437B-81CF-1E8E75CDC9BF}.Release|x64.Build.0 = Release|Any CPU
		{43751FBF-04D0-437B-81CF-1E8E75CDC9BF}.Release|x86.ActiveCfg = Release|Any CPU
		{43751FBF-04D0-437B-81CF-1E8E75CDC9BF}.Release|x86.Build.0 = Release|Any CPU
		{C41EB1B9-FD3E-4386-832C-3BB6DCB99EDD}.Debug|Any CPU.ActiveCfg = Debug|Any CPU
		{C41EB1B9-FD3E-4386-832C-3BB6DCB99EDD}.Debug|Any CPU.Build.0 = Debug|Any CPU
		{C41EB1B9-FD3E-4386-832C-3BB6DCB99EDD}.Debug|x64.ActiveCfg = Debug|Any CPU
		{C41EB1B9-FD3E-4386-832C-3BB6DCB99EDD}.Debug|x64.Build.0 = Debug|Any CPU
		{C41EB1B9-FD3E-4386-832C-3BB6DCB99EDD}.Debug|x86.ActiveCfg = Debug|Any CPU
		{C41EB1B9-FD3E-4386-832C-3BB6DCB99EDD}.Debug|x86.Build.0 = Debug|Any CPU
		{C41EB1B9-FD3E-4386-832C-3BB6DCB99EDD}.Release|Any CPU.ActiveCfg = Release|Any CPU
		{C41EB1B9-FD3E-4386-832C-3BB6DCB99EDD}.Release|Any CPU.Build.0 = Release|Any CPU
		{C41EB1B9-FD3E-4386-832C-3BB6DCB99EDD}.Release|x64.ActiveCfg = Release|Any CPU
		{C41EB1B9-FD3E-4386-832C-3BB6DCB99EDD}.Release|x64.Build.0 = Release|Any CPU
		{C41EB1B9-FD3E-4386-832C-3BB6DCB99EDD}.Release|x86.ActiveCfg = Release|Any CPU
		{C41EB1B9-FD3E-4386-832C-3BB6DCB99EDD}.Release|x86.Build.0 = Release|Any CPU
		{7B3BBBD5-C549-4E25-8A29-4E2D63878315}.Debug|Any CPU.ActiveCfg = Debug|Any CPU
		{7B3BBBD5-C549-4E25-8A29-4E2D63878315}.Debug|Any CPU.Build.0 = Debug|Any CPU
		{7B3BBBD5-C549-4E25-8A29-4E2D63878315}.Debug|x64.ActiveCfg = Debug|Any CPU
		{7B3BBBD5-C549-4E25-8A29-4E2D63878315}.Debug|x64.Build.0 = Debug|Any CPU
		{7B3BBBD5-C549-4E25-8A29-4E2D63878315}.Debug|x86.ActiveCfg = Debug|Any CPU
		{7B3BBBD5-C549-4E25-8A29-4E2D63878315}.Debug|x86.Build.0 = Debug|Any CPU
		{7B3BBBD5-C549-4E25-8A29-4E2D63878315}.Release|Any CPU.ActiveCfg = Release|Any CPU
		{7B3BBBD5-C549-4E25-8A29-4E2D63878315}.Release|Any CPU.Build.0 = Release|Any CPU
		{7B3BBBD5-C549-4E25-8A29-4E2D63878315}.Release|x64.ActiveCfg = Release|Any CPU
		{7B3BBBD5-C549-4E25-8A29-4E2D63878315}.Release|x64.Build.0 = Release|Any CPU
		{7B3BBBD5-C549-4E25-8A29-4E2D63878315}.Release|x86.ActiveCfg = Release|Any CPU
		{7B3BBBD5-C549-4E25-8A29-4E2D63878315}.Release|x86.Build.0 = Release|Any CPU
		{6C4720BB-3FBA-40F2-B34C-8EF5E3A84B3A}.Debug|Any CPU.ActiveCfg = Debug|Any CPU
		{6C4720BB-3FBA-40F2-B34C-8EF5E3A84B3A}.Debug|Any CPU.Build.0 = Debug|Any CPU
		{6C4720BB-3FBA-40F2-B34C-8EF5E3A84B3A}.Debug|x64.ActiveCfg = Debug|Any CPU
		{6C4720BB-3FBA-40F2-B34C-8EF5E3A84B3A}.Debug|x64.Build.0 = Debug|Any CPU
		{6C4720BB-3FBA-40F2-B34C-8EF5E3A84B3A}.Debug|x86.ActiveCfg = Debug|Any CPU
		{6C4720BB-3FBA-40F2-B34C-8EF5E3A84B3A}.Debug|x86.Build.0 = Debug|Any CPU
		{6C4720BB-3FBA-40F2-B34C-8EF5E3A84B3A}.Release|Any CPU.ActiveCfg = Release|Any CPU
		{6C4720BB-3FBA-40F2-B34C-8EF5E3A84B3A}.Release|Any CPU.Build.0 = Release|Any CPU
		{6C4720BB-3FBA-40F2-B34C-8EF5E3A84B3A}.Release|x64.ActiveCfg = Release|Any CPU
		{6C4720BB-3FBA-40F2-B34C-8EF5E3A84B3A}.Release|x64.Build.0 = Release|Any CPU
		{6C4720BB-3FBA-40F2-B34C-8EF5E3A84B3A}.Release|x86.ActiveCfg = Release|Any CPU
		{6C4720BB-3FBA-40F2-B34C-8EF5E3A84B3A}.Release|x86.Build.0 = Release|Any CPU
		{B02AFCD8-D663-4AB5-B349-8819F51D5E67}.Debug|Any CPU.ActiveCfg = Debug|Any CPU
		{B02AFCD8-D663-4AB5-B349-8819F51D5E67}.Debug|Any CPU.Build.0 = Debug|Any CPU
		{B02AFCD8-D663-4AB5-B349-8819F51D5E67}.Debug|x64.ActiveCfg = Debug|Any CPU
		{B02AFCD8-D663-4AB5-B349-8819F51D5E67}.Debug|x64.Build.0 = Debug|Any CPU
		{B02AFCD8-D663-4AB5-B349-8819F51D5E67}.Debug|x86.ActiveCfg = Debug|Any CPU
		{B02AFCD8-D663-4AB5-B349-8819F51D5E67}.Debug|x86.Build.0 = Debug|Any CPU
		{B02AFCD8-D663-4AB5-B349-8819F51D5E67}.Release|Any CPU.ActiveCfg = Release|Any CPU
		{B02AFCD8-D663-4AB5-B349-8819F51D5E67}.Release|Any CPU.Build.0 = Release|Any CPU
		{B02AFCD8-D663-4AB5-B349-8819F51D5E67}.Release|x64.ActiveCfg = Release|Any CPU
		{B02AFCD8-D663-4AB5-B349-8819F51D5E67}.Release|x64.Build.0 = Release|Any CPU
		{B02AFCD8-D663-4AB5-B349-8819F51D5E67}.Release|x86.ActiveCfg = Release|Any CPU
		{B02AFCD8-D663-4AB5-B349-8819F51D5E67}.Release|x86.Build.0 = Release|Any CPU
	EndGlobalSection
	GlobalSection(SolutionProperties) = preSolution
		HideSolutionNode = FALSE
	EndGlobalSection
	GlobalSection(ExtensibilityGlobals) = postSolution
		SolutionGuid = {96ABC4D5-9AC0-4DA7-9840-4000FE6CA619}
	EndGlobalSection
EndGlobal
