
Microsoft Visual Studio Solution File, Format Version 12.00
# Visual Studio Version 17
VisualStudioVersion = 17.0.31919.166
MinimumVisualStudioVersion = 10.0.40219.1
Project("{9A19103F-16F7-4668-BE54-9A1E7A4F7556}") = "RSBC.DMF.MedicalPortal.API", "RSBC.DMF.MedicalPortal.API\RSBC.DMF.MedicalPortal.API.csproj", "{C71F554B-EB5B-43DF-AAD5-DC7B121E2293}"
EndProject
Project("{9A19103F-16F7-4668-BE54-9A1E7A4F7556}") = "RSBC.Tests.Unit.DMF.MedicalPortal.API", "RSBC.Tests.Unit.DMF.MedicalPortal.API\RSBC.Tests.Unit.DMF.MedicalPortal.API.csproj", "{696AD72D-D097-432F-900B-2DB5330868E7}"
EndProject
Project("{FAE04EC0-301F-11D3-BF4B-00C04F79EFBC}") = "RSBC.DMFT.MedicalPortal.Endorsement.Adapter", "RSBC.DMFT.MedicalPortal.Endorsement.Adapter\RSBC.DMFT.MedicalPortal.Endorsement.Adapter.csproj", "{7D1DC189-ACD5-434E-9546-6DC2252B65EE}"
EndProject
Global
	GlobalSection(SolutionConfigurationPlatforms) = preSolution
		Debug|Any CPU = Debug|Any CPU
		Debug|x64 = Debug|x64
		Debug|x86 = Debug|x86
		Release|Any CPU = Release|Any CPU
		Release|x64 = Release|x64
		Release|x86 = Release|x86
	EndGlobalSection
	GlobalSection(ProjectConfigurationPlatforms) = postSolution
		{C71F554B-EB5B-43DF-AAD5-DC7B121E2293}.Debug|Any CPU.ActiveCfg = Debug|Any CPU
		{C71F554B-EB5B-43DF-AAD5-DC7B121E2293}.Debug|Any CPU.Build.0 = Debug|Any CPU
		{C71F554B-EB5B-43DF-AAD5-DC7B121E2293}.Debug|x64.ActiveCfg = Debug|Any CPU
		{C71F554B-EB5B-43DF-AAD5-DC7B121E2293}.Debug|x64.Build.0 = Debug|Any CPU
		{C71F554B-EB5B-43DF-AAD5-DC7B121E2293}.Debug|x86.ActiveCfg = Debug|Any CPU
		{C71F554B-EB5B-43DF-AAD5-DC7B121E2293}.Debug|x86.Build.0 = Debug|Any CPU
		{C71F554B-EB5B-43DF-AAD5-DC7B121E2293}.Release|Any CPU.ActiveCfg = Release|Any CPU
		{C71F554B-EB5B-43DF-AAD5-DC7B121E2293}.Release|Any CPU.Build.0 = Release|Any CPU
		{C71F554B-EB5B-43DF-AAD5-DC7B121E2293}.Release|x64.ActiveCfg = Release|Any CPU
		{C71F554B-EB5B-43DF-AAD5-DC7B121E2293}.Release|x64.Build.0 = Release|Any CPU
		{C71F554B-EB5B-43DF-AAD5-DC7B121E2293}.Release|x86.ActiveCfg = Release|Any CPU
		{C71F554B-EB5B-43DF-AAD5-DC7B121E2293}.Release|x86.Build.0 = Release|Any CPU
		{696AD72D-D097-432F-900B-2DB5330868E7}.Debug|Any CPU.ActiveCfg = Debug|Any CPU
		{696AD72D-D097-432F-900B-2DB5330868E7}.Debug|Any CPU.Build.0 = Debug|Any CPU
		{696AD72D-D097-432F-900B-2DB5330868E7}.Debug|x64.ActiveCfg = Debug|Any CPU
		{696AD72D-D097-432F-900B-2DB5330868E7}.Debug|x64.Build.0 = Debug|Any CPU
		{696AD72D-D097-432F-900B-2DB5330868E7}.Debug|x86.ActiveCfg = Debug|Any CPU
		{696AD72D-D097-432F-900B-2DB5330868E7}.Debug|x86.Build.0 = Debug|Any CPU
		{696AD72D-D097-432F-900B-2DB5330868E7}.Release|Any CPU.ActiveCfg = Release|Any CPU
		{696AD72D-D097-432F-900B-2DB5330868E7}.Release|Any CPU.Build.0 = Release|Any CPU
		{696AD72D-D097-432F-900B-2DB5330868E7}.Release|x64.ActiveCfg = Release|Any CPU
		{696AD72D-D097-432F-900B-2DB5330868E7}.Release|x64.Build.0 = Release|Any CPU
		{696AD72D-D097-432F-900B-2DB5330868E7}.Release|x86.ActiveCfg = Release|Any CPU
		{696AD72D-D097-432F-900B-2DB5330868E7}.Release|x86.Build.0 = Release|Any CPU
		{7D1DC189-ACD5-434E-9546-6DC2252B65EE}.Debug|Any CPU.ActiveCfg = Debug|Any CPU
		{7D1DC189-ACD5-434E-9546-6DC2252B65EE}.Debug|Any CPU.Build.0 = Debug|Any CPU
		{7D1DC189-ACD5-434E-9546-6DC2252B65EE}.Debug|x64.ActiveCfg = Debug|Any CPU
		{7D1DC189-ACD5-434E-9546-6DC2252B65EE}.Debug|x64.Build.0 = Debug|Any CPU
		{7D1DC189-ACD5-434E-9546-6DC2252B65EE}.Debug|x86.ActiveCfg = Debug|Any CPU
		{7D1DC189-ACD5-434E-9546-6DC2252B65EE}.Debug|x86.Build.0 = Debug|Any CPU
		{7D1DC189-ACD5-434E-9546-6DC2252B65EE}.Release|Any CPU.ActiveCfg = Release|Any CPU
		{7D1DC189-ACD5-434E-9546-6DC2252B65EE}.Release|Any CPU.Build.0 = Release|Any CPU
		{7D1DC189-ACD5-434E-9546-6DC2252B65EE}.Release|x64.ActiveCfg = Release|Any CPU
		{7D1DC189-ACD5-434E-9546-6DC2252B65EE}.Release|x64.Build.0 = Release|Any CPU
		{7D1DC189-ACD5-434E-9546-6DC2252B65EE}.Release|x86.ActiveCfg = Release|Any CPU
		{7D1DC189-ACD5-434E-9546-6DC2252B65EE}.Release|x86.Build.0 = Release|Any CPU
	EndGlobalSection
	GlobalSection(SolutionProperties) = preSolution
		HideSolutionNode = FALSE
	EndGlobalSection
	GlobalSection(ExtensibilityGlobals) = postSolution
		SolutionGuid = {96ABC4D5-9AC0-4DA7-9840-4000FE6CA619}
	EndGlobalSection
EndGlobal
